
Microsoft Visual Studio Solution File, Format Version 12.00
# Visual Studio 2013
VisualStudioVersion = 12.0.30723.0
MinimumVisualStudioVersion = 10.0.40219.1
Project("{FAE04EC0-301F-11D3-BF4B-00C04F79EFBC}") = "DesktopOrganizer", "DesktopOrganizer\DesktopOrganizer.csproj", "{C7973E27-4DC3-4E3C-B10D-C5C2A4FF334B}"
	ProjectSection(ProjectDependencies) = postProject
		{A39B0C21-8524-4186-814A-CCE1FA902C7F} = {A39B0C21-8524-4186-814A-CCE1FA902C7F}
	EndProjectSection
EndProject
Project("{FAE04EC0-301F-11D3-BF4B-00C04F79EFBC}") = "Core", "Core\Core.csproj", "{98A00BD8-E9CF-4ABD-89BC-1EA51E159155}"
EndProject
Project("{FAE04EC0-301F-11D3-BF4B-00C04F79EFBC}") = "IconHelper", "IconHelper\IconHelper.csproj", "{A39B0C21-8524-4186-814A-CCE1FA902C7F}"
EndProject
Project("{2150E333-8FDC-42A3-9474-1A3956D46DE8}") = "Scripts", "Scripts", "{4D294E6D-3789-498A-ABD7-98C830A7C542}"
	ProjectSection(SolutionItems) = preProject
		Release.ps1 = Release.ps1
	EndProjectSection
EndProject
Global
	GlobalSection(SolutionConfigurationPlatforms) = preSolution
		Debug|Any CPU = Debug|Any CPU
		Release|Any CPU = Release|Any CPU
	EndGlobalSection
	GlobalSection(ProjectConfigurationPlatforms) = postSolution
		{C7973E27-4DC3-4E3C-B10D-C5C2A4FF334B}.Debug|Any CPU.ActiveCfg = Debug|Any CPU
		{C7973E27-4DC3-4E3C-B10D-C5C2A4FF334B}.Debug|Any CPU.Build.0 = Debug|Any CPU
		{C7973E27-4DC3-4E3C-B10D-C5C2A4FF334B}.Release|Any CPU.ActiveCfg = Release|Any CPU
		{C7973E27-4DC3-4E3C-B10D-C5C2A4FF334B}.Release|Any CPU.Build.0 = Release|Any CPU
		{98A00BD8-E9CF-4ABD-89BC-1EA51E159155}.Debug|Any CPU.ActiveCfg = Debug|Any CPU
		{98A00BD8-E9CF-4ABD-89BC-1EA51E159155}.Debug|Any CPU.Build.0 = Debug|Any CPU
		{98A00BD8-E9CF-4ABD-89BC-1EA51E159155}.Release|Any CPU.ActiveCfg = Release|Any CPU
		{98A00BD8-E9CF-4ABD-89BC-1EA51E159155}.Release|Any CPU.Build.0 = Release|Any CPU
		{A39B0C21-8524-4186-814A-CCE1FA902C7F}.Debug|Any CPU.ActiveCfg = Debug|Any CPU
		{A39B0C21-8524-4186-814A-CCE1FA902C7F}.Debug|Any CPU.Build.0 = Debug|Any CPU
		{A39B0C21-8524-4186-814A-CCE1FA902C7F}.Release|Any CPU.ActiveCfg = Release|Any CPU
		{A39B0C21-8524-4186-814A-CCE1FA902C7F}.Release|Any CPU.Build.0 = Release|Any CPU
	EndGlobalSection
	GlobalSection(SolutionProperties) = preSolution
		HideSolutionNode = FALSE
	EndGlobalSection
EndGlobal
